<?xml version="1.0" encoding="utf-8"?>
<Project ToolsVersion="4.0" xmlns="http://schemas.microsoft.com/developer/msbuild/2003">
  <ItemGroup>
    <Filter Include="DXR">
      <UniqueIdentifier>{c58d7ecc-c39c-4f87-b0ed-5475cd9b1680}</UniqueIdentifier>
    </Filter>
    <Filter Include="DXR\Shaders">
      <UniqueIdentifier>{d212cab3-57af-4731-88ac-949a03f61c5c}</UniqueIdentifier>
    </Filter>
    <Filter Include="Foundation">
      <UniqueIdentifier>{785a4734-4a3e-4ed6-85fc-ebc17133ac6e}</UniqueIdentifier>
    </Filter>
    <Filter Include="Window">
      <UniqueIdentifier>{365ed64a-d70a-439d-981e-07d1c1a8067c}</UniqueIdentifier>
    </Filter>
    <Filter Include="Denoiser">
      <UniqueIdentifier>{91c277d1-7159-44a2-9fbf-cccd841616ff}</UniqueIdentifier>
    </Filter>
  </ItemGroup>
  <ItemGroup>
    <ClCompile Include="Foundation\gptLog.cpp">
      <Filter>Foundation</Filter>
    </ClCompile>
    <ClCompile Include="DXR\gptDeformerDXR.cpp">
      <Filter>DXR</Filter>
    </ClCompile>
    <ClCompile Include="pch.cpp" />
    <ClCompile Include="gptEntity.cpp" />
    <ClCompile Include="DXR\gptEntityDXR.cpp">
      <Filter>DXR</Filter>
    </ClCompile>
    <ClCompile Include="DXR\gptInternalDXR.cpp">
      <Filter>DXR</Filter>
    </ClCompile>
    <ClCompile Include="DXR\gptContextDXR.cpp">
      <Filter>DXR</Filter>
    </ClCompile>
    <ClCompile Include="Window\gptWindow.cpp">
      <Filter>Window</Filter>
    </ClCompile>
    <ClCompile Include="Foundation\gptUtils.cpp">
      <Filter>Foundation</Filter>
    </ClCompile>
    <ClCompile Include="Denoiser\gptDenoiserOptiX.cpp">
      <Filter>Denoiser</Filter>
    </ClCompile>
    <ClCompile Include="DXR\gptUIDrawerD3D12.cpp">
      <Filter>DXR</Filter>
    </ClCompile>
  </ItemGroup>
  <ItemGroup>
    <ClInclude Include="Foundation\gptLog.h">
      <Filter>Foundation</Filter>
    </ClInclude>
    <ClInclude Include="DXR\gptDeformerDXR.h">
      <Filter>DXR</Filter>
    </ClInclude>
    <ClInclude Include="gptSettings.h" />
    <ClInclude Include="pch.h" />
    <ClInclude Include="gptInterface.h" />
    <ClInclude Include="gptEntity.h" />
    <ClInclude Include="DXR\gptEntityDXR.h">
      <Filter>DXR</Filter>
    </ClInclude>
    <ClInclude Include="DXR\gptInternalDXR.h">
      <Filter>DXR</Filter>
    </ClInclude>
    <ClInclude Include="Foundation\gptUtils.h">
      <Filter>Foundation</Filter>
    </ClInclude>
    <ClInclude Include="DXR\gptContextDXR.h">
      <Filter>DXR</Filter>
    </ClInclude>
    <ClInclude Include="gptWindow.h" />
    <ClInclude Include="DXR\Shaders\gptCommon.h">
      <Filter>DXR\Shaders</Filter>
    </ClInclude>
    <ClInclude Include="DXR\Shaders\gptMath.h">
      <Filter>DXR\Shaders</Filter>
    </ClInclude>
    <ClInclude Include="gptDenoiser.h" />
    <ClInclude Include="DXR\gptUIDrawerD3D12.h">
      <Filter>DXR</Filter>
    </ClInclude>
  </ItemGroup>
  <ItemGroup>
    <FxCompile Include="DXR\Shaders\gptDeform.hlsl">
      <Filter>DXR\Shaders</Filter>
    </FxCompile>
    <FxCompile Include="DXR\Shaders\gptPathTracer.hlsl">
      <Filter>DXR\Shaders</Filter>
    </FxCompile>
  </ItemGroup>
  <ItemGroup>
    <Natvis Include="..\MeshUtils\MeshUtils.natvis" />
  </ItemGroup>
</Project>