<?xml version="1.0" encoding="utf-8"?>
<Project ToolsVersion="4.0" xmlns="http://schemas.microsoft.com/developer/msbuild/2003">
  <ItemGroup>
    <Filter Include="DXR">
      <UniqueIdentifier>{c58d7ecc-c39c-4f87-b0ed-5475cd9b1680}</UniqueIdentifier>
    </Filter>
    <Filter Include="DXR\Shaders">
      <UniqueIdentifier>{d212cab3-57af-4731-88ac-949a03f61c5c}</UniqueIdentifier>
    </Filter>
    <Filter Include="Foundation">
      <UniqueIdentifier>{785a4734-4a3e-4ed6-85fc-ebc17133ac6e}</UniqueIdentifier>
    </Filter>
  </ItemGroup>
  <ItemGroup>
    <ClCompile Include="Foundation\lptLog.cpp">
      <Filter>Foundation</Filter>
    </ClCompile>
    <ClCompile Include="Foundation\lptMath.cpp">
      <Filter>Foundation</Filter>
    </ClCompile>
    <ClCompile Include="Foundation\lptMisc.cpp">
      <Filter>Foundation</Filter>
    </ClCompile>
    <ClCompile Include="DXR\lptDeformerDXR.cpp">
      <Filter>DXR</Filter>
    </ClCompile>
    <ClCompile Include="DXR\lptGfxContextDXR.cpp">
      <Filter>DXR</Filter>
    </ClCompile>
    <ClCompile Include="DXR\lptRendererDXR.cpp">
      <Filter>DXR</Filter>
    </ClCompile>
    <ClCompile Include="pch.cpp" />
    <ClCompile Include="lptEntity.cpp" />
    <ClCompile Include="DXR\lptEntityDXR.cpp">
      <Filter>DXR</Filter>
    </ClCompile>
    <ClCompile Include="DXR\lptInternalDXR.cpp">
      <Filter>DXR</Filter>
    </ClCompile>
    <ClCompile Include="DXR\lptContextDXR.cpp">
      <Filter>DXR</Filter>
    </ClCompile>
  </ItemGroup>
  <ItemGroup>
    <ClInclude Include="Foundation\lptHalf.h">
      <Filter>Foundation</Filter>
    </ClInclude>
    <ClInclude Include="Foundation\lptLog.h">
      <Filter>Foundation</Filter>
    </ClInclude>
    <ClInclude Include="Foundation\lptMath.h">
      <Filter>Foundation</Filter>
    </ClInclude>
    <ClInclude Include="Foundation\lptMisc.h">
      <Filter>Foundation</Filter>
    </ClInclude>
    <ClInclude Include="DXR\lptDeformerDXR.h">
      <Filter>DXR</Filter>
    </ClInclude>
    <ClInclude Include="DXR\lptGfxContextDXR.h">
      <Filter>DXR</Filter>
    </ClInclude>
    <ClInclude Include="lptSettings.h" />
    <ClInclude Include="pch.h" />
    <ClInclude Include="lptInterface.h" />
    <ClInclude Include="lptEntity.h" />
    <ClInclude Include="DXR\lptEntityDXR.h">
      <Filter>DXR</Filter>
    </ClInclude>
    <ClInclude Include="DXR\lptInternalDXR.h">
      <Filter>DXR</Filter>
    </ClInclude>
  </ItemGroup>
  <ItemGroup>
    <FxCompile Include="DXR\Shaders\lptDeform.hlsl">
      <Filter>DXR\Shaders</Filter>
    </FxCompile>
    <FxCompile Include="DXR\Shaders\lptPathTracer.hlsl">
      <Filter>DXR\Shaders</Filter>
    </FxCompile>
  </ItemGroup>
</Project>